
Microsoft Visual Studio Solution File, Format Version 12.00
# Visual Studio 15
VisualStudioVersion = 15.0.26430.16
MinimumVisualStudioVersion = 10.0.40219.1
Project("{FAE04EC0-301F-11D3-BF4B-00C04F79EFBC}") = "LoL CS Helper 2", "LoL CS Helper 2\LoL CS Helper 2.csproj", "{08E40BE4-4927-4232-8F88-71C01450C361}"
EndProject
Project("{FAE04EC0-301F-11D3-BF4B-00C04F79EFBC}") = "Helper", "Helper\Helper.csproj", "{4689EFC4-FF55-4088-B791-82F9D518967A}"
EndProject
Global
	GlobalSection(SolutionConfigurationPlatforms) = preSolution
		Debug|Any CPU = Debug|Any CPU
		Debug|x86 = Debug|x86
		Release|Any CPU = Release|Any CPU
		Release|x86 = Release|x86
	EndGlobalSection
	GlobalSection(ProjectConfigurationPlatforms) = postSolution
		{08E40BE4-4927-4232-8F88-71C01450C361}.Debug|Any CPU.ActiveCfg = Debug|Any CPU
		{08E40BE4-4927-4232-8F88-71C01450C361}.Debug|Any CPU.Build.0 = Debug|Any CPU
		{08E40BE4-4927-4232-8F88-71C01450C361}.Debug|x86.ActiveCfg = Debug|x86
		{08E40BE4-4927-4232-8F88-71C01450C361}.Debug|x86.Build.0 = Debug|x86
		{08E40BE4-4927-4232-8F88-71C01450C361}.Release|Any CPU.ActiveCfg = Release|Any CPU
		{08E40BE4-4927-4232-8F88-71C01450C361}.Release|Any CPU.Build.0 = Release|Any CPU
		{08E40BE4-4927-4232-8F88-71C01450C361}.Release|x86.ActiveCfg = Release|x86
		{08E40BE4-4927-4232-8F88-71C01450C361}.Release|x86.Build.0 = Release|x86
		{4689EFC4-FF55-4088-B791-82F9D518967A}.Debug|Any CPU.ActiveCfg = Debug|Any CPU
		{4689EFC4-FF55-4088-B791-82F9D518967A}.Debug|Any CPU.Build.0 = Debug|Any CPU
		{4689EFC4-FF55-4088-B791-82F9D518967A}.Debug|x86.ActiveCfg = Debug|x86
		{4689EFC4-FF55-4088-B791-82F9D518967A}.Debug|x86.Build.0 = Debug|x86
		{4689EFC4-FF55-4088-B791-82F9D518967A}.Release|Any CPU.ActiveCfg = Release|Any CPU
		{4689EFC4-FF55-4088-B791-82F9D518967A}.Release|Any CPU.Build.0 = Release|Any CPU
		{4689EFC4-FF55-4088-B791-82F9D518967A}.Release|x86.ActiveCfg = Release|x86
		{4689EFC4-FF55-4088-B791-82F9D518967A}.Release|x86.Build.0 = Release|x86
	EndGlobalSection
	GlobalSection(SolutionProperties) = preSolution
		HideSolutionNode = FALSE
	EndGlobalSection
EndGlobal
